
Microsoft Visual Studio Solution File, Format Version 12.00
# Visual Studio Version 16
VisualStudioVersion = 16.0.28809.33
MinimumVisualStudioVersion = 10.0.40219.1
Project("{FAE04EC0-301F-11D3-BF4B-00C04F79EFBC}") = "ConsoleApplicationSample", "ConsoleApplicationSample.csproj", "{38B15A81-D67A-4903-B332-626F860B625B}"
EndProject
Global
	GlobalSection(SolutionConfigurationPlatforms) = preSolution
		Debug|Any CPU = Debug|Any CPU
		Release|Any CPU = Release|Any CPU
	EndGlobalSection
	GlobalSection(ProjectConfigurationPlatforms) = postSolution
		{38B15A81-D67A-4903-B332-626F860B625B}.Debug|Any CPU.ActiveCfg = Debug|Any CPU
		{38B15A81-D67A-4903-B332-626F860B625B}.Debug|Any CPU.Build.0 = Debug|Any CPU
		{38B15A81-D67A-4903-B332-626F860B625B}.Release|Any CPU.ActiveCfg = Release|Any CPU
		{38B15A81-D67A-4903-B332-626F860B625B}.Release|Any CPU.Build.0 = Release|Any CPU
	EndGlobalSection
	GlobalSection(SolutionProperties) = preSolution
		HideSolutionNode = FALSE
	EndGlobalSection
	GlobalSection(ExtensibilityGlobals) = postSolution
		SolutionGuid = {E7342FCE-A21C-4C33-8F53-819928721AFF}
	EndGlobalSection
EndGlobal
